
Microsoft Visual Studio Solution File, Format Version 12.00
# Visual Studio 15
VisualStudioVersion = 15.0.27004.2009
MinimumVisualStudioVersion = 10.0.40219.1
Project("{FAE04EC0-301F-11D3-BF4B-00C04F79EFBC}") = "BlackTech.Web", "BlackTech.Web\BlackTech.Web.csproj", "{3E7DEBDF-20A8-4BE7-8BDE-6A42C7AD91C1}"
EndProject
Project("{FAE04EC0-301F-11D3-BF4B-00C04F79EFBC}") = "BlackTech.Framework", "BlackTech.Framework\BlackTech.Framework.csproj", "{D2BA16E0-EA42-4C9D-9306-D42EFB71B2CA}"
EndProject
Project("{FAE04EC0-301F-11D3-BF4B-00C04F79EFBC}") = "BlackTech.HttpHelper", "BlackTech.HttpHelper\BlackTech.HttpHelper.csproj", "{CFF03980-4269-408C-B59B-414994C40621}"
EndProject
Project("{FAE04EC0-301F-11D3-BF4B-00C04F79EFBC}") = "BlackTech.Utility", "BlackTech.Utility\BlackTech.Utility.csproj", "{A6F7495B-B929-4CE1-B81E-C61BA7F55AAD}"
EndProject
Global
	GlobalSection(SolutionConfigurationPlatforms) = preSolution
		Debug|Any CPU = Debug|Any CPU
		Development|Any CPU = Development|Any CPU
		Release|Any CPU = Release|Any CPU
	EndGlobalSection
	GlobalSection(ProjectConfigurationPlatforms) = postSolution
		{3E7DEBDF-20A8-4BE7-8BDE-6A42C7AD91C1}.Debug|Any CPU.ActiveCfg = Debug|Any CPU
		{3E7DEBDF-20A8-4BE7-8BDE-6A42C7AD91C1}.Debug|Any CPU.Build.0 = Debug|Any CPU
		{3E7DEBDF-20A8-4BE7-8BDE-6A42C7AD91C1}.Development|Any CPU.ActiveCfg = Development|Any CPU
		{3E7DEBDF-20A8-4BE7-8BDE-6A42C7AD91C1}.Development|Any CPU.Build.0 = Development|Any CPU
		{3E7DEBDF-20A8-4BE7-8BDE-6A42C7AD91C1}.Release|Any CPU.ActiveCfg = Release|Any CPU
		{3E7DEBDF-20A8-4BE7-8BDE-6A42C7AD91C1}.Release|Any CPU.Build.0 = Release|Any CPU
		{D2BA16E0-EA42-4C9D-9306-D42EFB71B2CA}.Debug|Any CPU.ActiveCfg = Debug|Any CPU
		{D2BA16E0-EA42-4C9D-9306-D42EFB71B2CA}.Debug|Any CPU.Build.0 = Debug|Any CPU
		{D2BA16E0-EA42-4C9D-9306-D42EFB71B2CA}.Development|Any CPU.ActiveCfg = Debug|Any CPU
		{D2BA16E0-EA42-4C9D-9306-D42EFB71B2CA}.Development|Any CPU.Build.0 = Debug|Any CPU
		{D2BA16E0-EA42-4C9D-9306-D42EFB71B2CA}.Release|Any CPU.ActiveCfg = Release|Any CPU
		{D2BA16E0-EA42-4C9D-9306-D42EFB71B2CA}.Release|Any CPU.Build.0 = Release|Any CPU
		{CFF03980-4269-408C-B59B-414994C40621}.Debug|Any CPU.ActiveCfg = Debug|Any CPU
		{CFF03980-4269-408C-B59B-414994C40621}.Debug|Any CPU.Build.0 = Debug|Any CPU
		{CFF03980-4269-408C-B59B-414994C40621}.Development|Any CPU.ActiveCfg = Debug|Any CPU
		{CFF03980-4269-408C-B59B-414994C40621}.Development|Any CPU.Build.0 = Debug|Any CPU
		{CFF03980-4269-408C-B59B-414994C40621}.Release|Any CPU.ActiveCfg = Release|Any CPU
		{CFF03980-4269-408C-B59B-414994C40621}.Release|Any CPU.Build.0 = Release|Any CPU
		{A6F7495B-B929-4CE1-B81E-C61BA7F55AAD}.Debug|Any CPU.ActiveCfg = Debug|Any CPU
		{A6F7495B-B929-4CE1-B81E-C61BA7F55AAD}.Debug|Any CPU.Build.0 = Debug|Any CPU
		{A6F7495B-B929-4CE1-B81E-C61BA7F55AAD}.Development|Any CPU.ActiveCfg = Debug|Any CPU
		{A6F7495B-B929-4CE1-B81E-C61BA7F55AAD}.Development|Any CPU.Build.0 = Debug|Any CPU
		{A6F7495B-B929-4CE1-B81E-C61BA7F55AAD}.Release|Any CPU.ActiveCfg = Release|Any CPU
		{A6F7495B-B929-4CE1-B81E-C61BA7F55AAD}.Release|Any CPU.Build.0 = Release|Any CPU
	EndGlobalSection
	GlobalSection(SolutionProperties) = preSolution
		HideSolutionNode = FALSE
	EndGlobalSection
	GlobalSection(ExtensibilityGlobals) = postSolution
		SolutionGuid = {EF77E481-699E-423E-91DE-6340A5B2FF7F}
	EndGlobalSection
EndGlobal
